
Microsoft Visual Studio Solution File, Format Version 12.00
# Visual Studio 15
VisualStudioVersion = 15.0.26730.16
MinimumVisualStudioVersion = 10.0.40219.1
Project("{FAE04EC0-301F-11D3-BF4B-00C04F79EFBC}") = "WebApplication1", "WebApplication1\WebApplication1.csproj", "{E9A9A601-A0B1-4755-809B-6FD036A59260}"
EndProject
Global
	GlobalSection(SolutionConfigurationPlatforms) = preSolution
		Debug|Any CPU = Debug|Any CPU
		Release|Any CPU = Release|Any CPU
	EndGlobalSection
	GlobalSection(ProjectConfigurationPlatforms) = postSolution
		{E9A9A601-A0B1-4755-809B-6FD036A59260}.Debug|Any CPU.ActiveCfg = Debug|Any CPU
		{E9A9A601-A0B1-4755-809B-6FD036A59260}.Debug|Any CPU.Build.0 = Debug|Any CPU
		{E9A9A601-A0B1-4755-809B-6FD036A59260}.Release|Any CPU.ActiveCfg = Release|Any CPU
		{E9A9A601-A0B1-4755-809B-6FD036A59260}.Release|Any CPU.Build.0 = Release|Any CPU
	EndGlobalSection
	GlobalSection(SolutionProperties) = preSolution
		HideSolutionNode = FALSE
	EndGlobalSection
	GlobalSection(ExtensibilityGlobals) = postSolution
		SolutionGuid = {E65360A1-5F1A-49E7-8863-4D7F90A337D1}
	EndGlobalSection
EndGlobal
